
Microsoft Visual Studio Solution File, Format Version 12.00
# Visual Studio Version 17
VisualStudioVersion = 17.11.35303.130
MinimumVisualStudioVersion = 10.0.40219.1
Project("{FAE04EC0-301F-11D3-BF4B-00C04F79EFBC}") = "ChatAppD2", "ChatAppD2\ChatAppD2.csproj", "{8F44076C-BC8A-43A1-9386-462B7A729B22}"
EndProject
Global
	GlobalSection(SolutionConfigurationPlatforms) = preSolution
		Debug|Any CPU = Debug|Any CPU
		Release|Any CPU = Release|Any CPU
	EndGlobalSection
	GlobalSection(ProjectConfigurationPlatforms) = postSolution
		{8F44076C-BC8A-43A1-9386-462B7A729B22}.Debug|Any CPU.ActiveCfg = Debug|Any CPU
		{8F44076C-BC8A-43A1-9386-462B7A729B22}.Debug|Any CPU.Build.0 = Debug|Any CPU
		{8F44076C-BC8A-43A1-9386-462B7A729B22}.Release|Any CPU.ActiveCfg = Release|Any CPU
		{8F44076C-BC8A-43A1-9386-462B7A729B22}.Release|Any CPU.Build.0 = Release|Any CPU
	EndGlobalSection
	GlobalSection(SolutionProperties) = preSolution
		HideSolutionNode = FALSE
	EndGlobalSection
	GlobalSection(ExtensibilityGlobals) = postSolution
		SolutionGuid = {16C8DB8F-ABE6-4972-91B3-1ACAF6C5FAFA}
	EndGlobalSection
EndGlobal
